// !$*UTF8*$!
{
	archiveVersion = 1;
	classes = {
	};
	objectVersion = 50;
	objects = {

/* Begin PBXBuildFile section */
		4B2E72452356258C0051E997 /* AppDelegate.swift in Sources */ = {isa = PBXBuildFile; fileRef = 4B2E72442356258C0051E997 /* AppDelegate.swift */; };
		4B2E72472356258C0051E997 /* SceneDelegate.swift in Sources */ = {isa = PBXBuildFile; fileRef = 4B2E72462356258C0051E997 /* SceneDelegate.swift */; };
		4B2E72492356258C0051E997 /* StarsViewController.swift in Sources */ = {isa = PBXBuildFile; fileRef = 4B2E72482356258C0051E997 /* StarsViewController.swift */; };
		4B2E724C2356258C0051E997 /* Main.storyboard in Resources */ = {isa = PBXBuildFile; fileRef = 4B2E724A2356258C0051E997 /* Main.storyboard */; };
		4B2E724E2356258D0051E997 /* Assets.xcassets in Resources */ = {isa = PBXBuildFile; fileRef = 4B2E724D2356258D0051E997 /* Assets.xcassets */; };
		4B2E72512356258D0051E997 /* LaunchScreen.storyboard in Resources */ = {isa = PBXBuildFile; fileRef = 4B2E724F2356258D0051E997 /* LaunchScreen.storyboard */; };
		4B2E725923562CB80051E997 /* StarTableViewCell.swift in Sources */ = {isa = PBXBuildFile; fileRef = 4B2E725823562CB80051E997 /* StarTableViewCell.swift */; };
		4B2E725B23562F0E0051E997 /* Star.swift in Sources */ = {isa = PBXBuildFile; fileRef = 4B2E725A23562F0E0051E997 /* Star.swift */; };
		4B2E725D23562F910051E997 /* StarController.swift in Sources */ = {isa = PBXBuildFile; fileRef = 4B2E725C23562F910051E997 /* StarController.swift */; };
/* End PBXBuildFile section */

/* Begin PBXFileReference section */
		4B2E72412356258C0051E997 /* Stars.app */ = {isa = PBXFileReference; explicitFileType = wrapper.application; includeInIndex = 0; path = Stars.app; sourceTree = BUILT_PRODUCTS_DIR; };
		4B2E72442356258C0051E997 /* AppDelegate.swift */ = {isa = PBXFileReference; lastKnownFileType = sourcecode.swift; path = AppDelegate.swift; sourceTree = "<group>"; };
		4B2E72462356258C0051E997 /* SceneDelegate.swift */ = {isa = PBXFileReference; lastKnownFileType = sourcecode.swift; path = SceneDelegate.swift; sourceTree = "<group>"; };
		4B2E72482356258C0051E997 /* StarsViewController.swift */ = {isa = PBXFileReference; lastKnownFileType = sourcecode.swift; path = StarsViewController.swift; sourceTree = "<group>"; };
		4B2E724B2356258C0051E997 /* Base */ = {isa = PBXFileReference; lastKnownFileType = file.storyboard; name = Base; path = Base.lproj/Main.storyboard; sourceTree = "<group>"; };
		4B2E724D2356258D0051E997 /* Assets.xcassets */ = {isa = PBXFileReference; lastKnownFileType = folder.assetcatalog; path = Assets.xcassets; sourceTree = "<group>"; };
		4B2E72502356258D0051E997 /* Base */ = {isa = PBXFileReference; lastKnownFileType = file.storyboard; name = Base; path = Base.lproj/LaunchScreen.storyboard; sourceTree = "<group>"; };
		4B2E72522356258D0051E997 /* Info.plist */ = {isa = PBXFileReference; lastKnownFileType = text.plist.xml; path = Info.plist; sourceTree = "<group>"; };
		4B2E725823562CB80051E997 /* StarTableViewCell.swift */ = {isa = PBXFileReference; lastKnownFileType = sourcecode.swift; path = StarTableViewCell.swift; sourceTree = "<group>"; };
		4B2E725A23562F0E0051E997 /* Star.swift */ = {isa = PBXFileReference; lastKnownFileType = sourcecode.swift; path = Star.swift; sourceTree = "<group>"; };
		4B2E725C23562F910051E997 /* StarController.swift */ = {isa = PBXFileReference; lastKnownFileType = sourcecode.swift; path = StarController.swift; sourceTree = "<group>"; };
/* End PBXFileReference section */

/* Begin PBXFrameworksBuildPhase section */
		4B2E723E2356258C0051E997 /* Frameworks */ = {
			isa = PBXFrameworksBuildPhase;
			buildActionMask = 2147483647;
			files = (
			);
			runOnlyForDeploymentPostprocessing = 0;
		};
/* End PBXFrameworksBuildPhase section */

/* Begin PBXGroup section */
		4B2E72382356258C0051E997 = {
			isa = PBXGroup;
			children = (
				4B2E72432356258C0051E997 /* Stars */,
				4B2E72422356258C0051E997 /* Products */,
			);
			sourceTree = "<group>";
		};
		4B2E72422356258C0051E997 /* Products */ = {
			isa = PBXGroup;
			children = (
				4B2E72412356258C0051E997 /* Stars.app */,
			);
			name = Products;
			sourceTree = "<group>";
		};
		4B2E72432356258C0051E997 /* Stars */ = {
			isa = PBXGroup;
			children = (
				4B2E72442356258C0051E997 /* AppDelegate.swift */,
				4B2E72462356258C0051E997 /* SceneDelegate.swift */,
				4B2E7260235630990051E997 /* View Controllers */,
				4B2E725F2356308C0051E997 /* Views */,
				4B2E725E235630830051E997 /* Model */,
				4B2E7261235630A90051E997 /* Model Controllers */,
				4B2E724D2356258D0051E997 /* Assets.xcassets */,
				4B2E724F2356258D0051E997 /* LaunchScreen.storyboard */,
				4B2E72522356258D0051E997 /* Info.plist */,
			);
			path = Stars;
			sourceTree = "<group>";
		};
		4B2E725E235630830051E997 /* Model */ = {
			isa = PBXGroup;
			children = (
				4B2E725A23562F0E0051E997 /* Star.swift */,
			);
			path = Model;
			sourceTree = "<group>";
		};
		4B2E725F2356308C0051E997 /* Views */ = {
			isa = PBXGroup;
			children = (
				4B2E725823562CB80051E997 /* StarTableViewCell.swift */,
				4B2E724A2356258C0051E997 /* Main.storyboard */,
			);
			path = Views;
			sourceTree = "<group>";
		};
		4B2E7260235630990051E997 /* View Controllers */ = {
			isa = PBXGroup;
			children = (
				4B2E72482356258C0051E997 /* StarsViewController.swift */,
			);
			path = "View Controllers";
			sourceTree = "<group>";
		};
		4B2E7261235630A90051E997 /* Model Controllers */ = {
			isa = PBXGroup;
			children = (
				4B2E725C23562F910051E997 /* StarController.swift */,
			);
			path = "Model Controllers";
			sourceTree = "<group>";
		};
/* End PBXGroup section */

/* Begin PBXNativeTarget section */
		4B2E72402356258C0051E997 /* Stars */ = {
			isa = PBXNativeTarget;
			buildConfigurationList = 4B2E72552356258D0051E997 /* Build configuration list for PBXNativeTarget "Stars" */;
			buildPhases = (
				4B2E723D2356258C0051E997 /* Sources */,
				4B2E723E2356258C0051E997 /* Frameworks */,
				4B2E723F2356258C0051E997 /* Resources */,
			);
			buildRules = (
			);
			dependencies = (
			);
			name = Stars;
			productName = Stars;
			productReference = 4B2E72412356258C0051E997 /* Stars.app */;
			productType = "com.apple.product-type.application";
		};
/* End PBXNativeTarget section */

/* Begin PBXProject section */
		4B2E72392356258C0051E997 /* Project object */ = {
			isa = PBXProject;
			attributes = {
				LastSwiftUpdateCheck = 1110;
				LastUpgradeCheck = 1110;
				ORGANIZATIONNAME = "Lambda School";
				TargetAttributes = {
					4B2E72402356258C0051E997 = {
						CreatedOnToolsVersion = 11.1;
					};
				};
			};
			buildConfigurationList = 4B2E723C2356258C0051E997 /* Build configuration list for PBXProject "Stars" */;
			compatibilityVersion = "Xcode 9.3";
			developmentRegion = en;
			hasScannedForEncodings = 0;
			knownRegions = (
				en,
				Base,
			);
			mainGroup = 4B2E72382356258C0051E997;
			productRefGroup = 4B2E72422356258C0051E997 /* Products */;
			projectDirPath = "";
			projectRoot = "";
			targets = (
				4B2E72402356258C0051E997 /* Stars */,
			);
		};
/* End PBXProject section */

/* Begin PBXResourcesBuildPhase section */
		4B2E723F2356258C0051E997 /* Resources */ = {
			isa = PBXResourcesBuildPhase;
			buildActionMask = 2147483647;
			files = (
				4B2E72512356258D0051E997 /* LaunchScreen.storyboard in Resources */,
				4B2E724E2356258D0051E997 /* Assets.xcassets in Resources */,
				4B2E724C2356258C0051E997 /* Main.storyboard in Resources */,
			);
			runOnlyForDeploymentPostprocessing = 0;
		};
/* End PBXResourcesBuildPhase section */

/* Begin PBXSourcesBuildPhase section */
		4B2E723D2356258C0051E997 /* Sources */ = {
			isa = PBXSourcesBuildPhase;
			buildActionMask = 2147483647;
			files = (
				4B2E72492356258C0051E997 /* StarsViewController.swift in Sources */,
				4B2E72452356258C0051E997 /* AppDelegate.swift in Sources */,
				4B2E72472356258C0051E997 /* SceneDelegate.swift in Sources */,
				4B2E725B23562F0E0051E997 /* Star.swift in Sources */,
				4B2E725923562CB80051E997 /* StarTableViewCell.swift in Sources */,
				4B2E725D23562F910051E997 /* StarController.swift in Sources */,
			);
			runOnlyForDeploymentPostprocessing = 0;
		};
/* End PBXSourcesBuildPhase section */

/* Begin PBXVariantGroup section */
		4B2E724A2356258C0051E997 /* Main.storyboard */ = {
			isa = PBXVariantGroup;
			children = (
				4B2E724B2356258C0051E997 /* Base */,
			);
			name = Main.storyboard;
			sourceTree = "<group>";
		};
		4B2E724F2356258D0051E997 /* LaunchScreen.storyboard */ = {
			isa = PBXVariantGroup;
			children = (
				4B2E72502356258D0051E997 /* Base */,
			);
			name = LaunchScreen.storyboard;
			sourceTree = "<group>";
		};
/* End PBXVariantGroup section */

/* Begin XCBuildConfiguration section */
		4B2E72532356258D0051E997 /* Debug */ = {
			isa = XCBuildConfiguration;
			buildSettings = {
				ALWAYS_SEARCH_USER_PATHS = NO;
				CLANG_ANALYZER_NONNULL = YES;
				CLANG_ANALYZER_NUMBER_OBJECT_CONVERSION = YES_AGGRESSIVE;
				CLANG_CXX_LANGUAGE_STANDARD = "gnu++14";
				CLANG_CXX_LIBRARY = "libc++";
				CLANG_ENABLE_MODULES = YES;
				CLANG_ENABLE_OBJC_ARC = YES;
				CLANG_ENABLE_OBJC_WEAK = YES;
				CLANG_WARN_BLOCK_CAPTURE_AUTORELEASING = YES;
				CLANG_WARN_BOOL_CONVERSION = YES;
				CLANG_WARN_COMMA = YES;
				CLANG_WARN_CONSTANT_CONVERSION = YES;
				CLANG_WARN_DEPRECATED_OBJC_IMPLEMENTATIONS = YES;
				CLANG_WARN_DIRECT_OBJC_ISA_USAGE = YES_ERROR;
				CLANG_WARN_DOCUMENTATION_COMMENTS = YES;
				CLANG_WARN_EMPTY_BODY = YES;
				CLANG_WARN_ENUM_CONVERSION = YES;
				CLANG_WARN_INFINITE_RECURSION = YES;
				CLANG_WARN_INT_CONVERSION = YES;
				CLANG_WARN_NON_LITERAL_NULL_CONVERSION = YES;
				CLANG_WARN_OBJC_IMPLICIT_RETAIN_SELF = YES;
				CLANG_WARN_OBJC_LITERAL_CONVERSION = YES;
				CLANG_WARN_OBJC_ROOT_CLASS = YES_ERROR;
				CLANG_WARN_RANGE_LOOP_ANALYSIS = YES;
				CLANG_WARN_STRICT_PROTOTYPES = YES;
				CLANG_WARN_SUSPICIOUS_MOVE = YES;
				CLANG_WARN_UNGUARDED_AVAILABILITY = YES_AGGRESSIVE;
				CLANG_WARN_UNREACHABLE_CODE = YES;
				CLANG_WARN__DUPLICATE_METHOD_MATCH = YES;
				COPY_PHASE_STRIP = NO;
				DEBUG_INFORMATION_FORMAT = dwarf;
				ENABLE_STRICT_OBJC_MSGSEND = YES;
				ENABLE_TESTABILITY = YES;
				GCC_C_LANGUAGE_STANDARD = gnu11;
				GCC_DYNAMIC_NO_PIC = NO;
				GCC_NO_COMMON_BLOCKS = YES;
				GCC_OPTIMIZATION_LEVEL = 0;
				GCC_PREPROCESSOR_DEFINITIONS = (
					"DEBUG=1",
					"$(inherited)",
				);
				GCC_WARN_64_TO_32_BIT_CONVERSION = YES;
				GCC_WARN_ABOUT_RETURN_TYPE = YES_ERROR;
				GCC_WARN_UNDECLARED_SELECTOR = YES;
				GCC_WARN_UNINITIALIZED_AUTOS = YES_AGGRESSIVE;
				GCC_WARN_UNUSED_FUNCTION = YES;
				GCC_WARN_UNUSED_VARIABLE = YES;
				IPHONEOS_DEPLOYMENT_TARGET = 13.1;
				MTL_ENABLE_DEBUG_INFO = INCLUDE_SOURCE;
				MTL_FAST_MATH = YES;
				ONLY_ACTIVE_ARCH = YES;
				SDKROOT = iphoneos;
				SWIFT_ACTIVE_COMPILATION_CONDITIONS = DEBUG;
				SWIFT_OPTIMIZATION_LEVEL = "-Onone";
			};
			name = Debug;
		};
		4B2E72542356258D0051E997 /* Release */ = {
			isa = XCBuildConfiguration;
			buildSettings = {
				ALWAYS_SEARCH_USER_PATHS = NO;
				CLANG_ANALYZER_NONNULL = YES;
				CLANG_ANALYZER_NUMBER_OBJECT_CONVERSION = YES_AGGRESSIVE;
				CLANG_CXX_LANGUAGE_STANDARD = "gnu++14";
				CLANG_CXX_LIBRARY = "libc++";
				CLANG_ENABLE_MODULES = YES;
				CLANG_ENABLE_OBJC_ARC = YES;
				CLANG_ENABLE_OBJC_WEAK = YES;
				CLANG_WARN_BLOCK_CAPTURE_AUTORELEASING = YES;
				CLANG_WARN_BOOL_CONVERSION = YES;
				CLANG_WARN_COMMA = YES;
				CLANG_WARN_CONSTANT_CONVERSION = YES;
				CLANG_WARN_DEPRECATED_OBJC_IMPLEMENTATIONS = YES;
				CLANG_WARN_DIRECT_OBJC_ISA_USAGE = YES_ERROR;
				CLANG_WARN_DOCUMENTATION_COMMENTS = YES;
				CLANG_WARN_EMPTY_BODY = YES;
				CLANG_WARN_ENUM_CONVERSION = YES;
				CLANG_WARN_INFINITE_RECURSION = YES;
				CLANG_WARN_INT_CONVERSION = YES;
				CLANG_WARN_NON_LITERAL_NULL_CONVERSION = YES;
				CLANG_WARN_OBJC_IMPLICIT_RETAIN_SELF = YES;
				CLANG_WARN_OBJC_LITERAL_CONVERSION = YES;
				CLANG_WARN_OBJC_ROOT_CLASS = YES_ERROR;
				CLANG_WARN_RANGE_LOOP_ANALYSIS = YES;
				CLANG_WARN_STRICT_PROTOTYPES = YES;
				CLANG_WARN_SUSPICIOUS_MOVE = YES;
				CLANG_WARN_UNGUARDED_AVAILABILITY = YES_AGGRESSIVE;
				CLANG_WARN_UNREACHABLE_CODE = YES;
				CLANG_WARN__DUPLICATE_METHOD_MATCH = YES;
				COPY_PHASE_STRIP = NO;
				DEBUG_INFORMATION_FORMAT = "dwarf-with-dsym";
				ENABLE_NS_ASSERTIONS = NO;
				ENABLE_STRICT_OBJC_MSGSEND = YES;
				GCC_C_LANGUAGE_STANDARD = gnu11;
				GCC_NO_COMMON_BLOCKS = YES;
				GCC_WARN_64_TO_32_BIT_CONVERSION = YES;
				GCC_WARN_ABOUT_RETURN_TYPE = YES_ERROR;
				GCC_WARN_UNDECLARED_SELECTOR = YES;
				GCC_WARN_UNINITIALIZED_AUTOS = YES_AGGRESSIVE;
				GCC_WARN_UNUSED_FUNCTION = YES;
				GCC_WARN_UNUSED_VARIABLE = YES;
				IPHONEOS_DEPLOYMENT_TARGET = 13.1;
				MTL_ENABLE_DEBUG_INFO = NO;
				MTL_FAST_MATH = YES;
				SDKROOT = iphoneos;
				SWIFT_COMPILATION_MODE = wholemodule;
				SWIFT_OPTIMIZATION_LEVEL = "-O";
				VALIDATE_PRODUCT = YES;
			};
			name = Release;
		};
		4B2E72562356258D0051E997 /* Debug */ = {
			isa = XCBuildConfiguration;
			buildSettings = {
				ASSETCATALOG_COMPILER_APPICON_NAME = AppIcon;
				CODE_SIGN_STYLE = Automatic;
				INFOPLIST_FILE = Stars/Info.plist;
				LD_RUNPATH_SEARCH_PATHS = (
					"$(inherited)",
					"@executable_path/Frameworks",
				);
				PRODUCT_BUNDLE_IDENTIFIER = com.lambdaschool.Stars;
				PRODUCT_NAME = "$(TARGET_NAME)";
				SWIFT_VERSION = 5.0;
				TARGETED_DEVICE_FAMILY = "1,2";
			};
			name = Debug;
		};
		4B2E72572356258D0051E997 /* Release */ = {
			isa = XCBuildConfiguration;
			buildSettings = {
				ASSETCATALOG_COMPILER_APPICON_NAME = AppIcon;
				CODE_SIGN_STYLE = Automatic;
				INFOPLIST_FILE = Stars/Info.plist;
				LD_RUNPATH_SEARCH_PATHS = (
					"$(inherited)",
					"@executable_path/Frameworks",
				);
				PRODUCT_BUNDLE_IDENTIFIER = com.lambdaschool.Stars;
				PRODUCT_NAME = "$(TARGET_NAME)";
				SWIFT_VERSION = 5.0;
				TARGETED_DEVICE_FAMILY = "1,2";
			};
			name = Release;
		};
/* End XCBuildConfiguration section */

/* Begin XCConfigurationList section */
		4B2E723C2356258C0051E997 /* Build configuration list for PBXProject "Stars" */ = {
			isa = XCConfigurationList;
			buildConfigurations = (
				4B2E72532356258D0051E997 /* Debug */,
				4B2E72542356258D0051E997 /* Release */,
			);
			defaultConfigurationIsVisible = 0;
			defaultConfigurationName = Release;
		};
		4B2E72552356258D0051E997 /* Build configuration list for PBXNativeTarget "Stars" */ = {
			isa = XCConfigurationList;
			buildConfigurations = (
				4B2E72562356258D0051E997 /* Debug */,
				4B2E72572356258D0051E997 /* Release */,
			);
			defaultConfigurationIsVisible = 0;
			defaultConfigurationName = Release;
		};
/* End XCConfigurationList section */
	};
	rootObject = 4B2E72392356258C0051E997 /* Project object */;
}
